
Microsoft Visual Studio Solution File, Format Version 12.00
# Visual Studio Version 17
VisualStudioVersion = 17.5.002.0
MinimumVisualStudioVersion = 10.0.40219.1
Project("{9A19103F-16F7-4668-BE54-9A1E7A4F7556}") = "CSharp", "CSharp\CSharp.csproj", "{71BEBC03-7C3A-4339-92CE-9225EC3DF529}"
EndProject
Global
	GlobalSection(SolutionConfigurationPlatforms) = preSolution
		Debug|Any CPU = Debug|Any CPU
		Release|Any CPU = Release|Any CPU
	EndGlobalSection
	GlobalSection(ProjectConfigurationPlatforms) = postSolution
		{71BEBC03-7C3A-4339-92CE-9225EC3DF529}.Debug|Any CPU.ActiveCfg = Debug|Any CPU
		{71BEBC03-7C3A-4339-92CE-9225EC3DF529}.Debug|Any CPU.Build.0 = Debug|Any CPU
		{71BEBC03-7C3A-4339-92CE-9225EC3DF529}.Release|Any CPU.ActiveCfg = Release|Any CPU
		{71BEBC03-7C3A-4339-92CE-9225EC3DF529}.Release|Any CPU.Build.0 = Release|Any CPU
	EndGlobalSection
	GlobalSection(SolutionProperties) = preSolution
		HideSolutionNode = FALSE
	EndGlobalSection
	GlobalSection(ExtensibilityGlobals) = postSolution
		SolutionGuid = {89A5C107-6A4D-4AEC-B532-F11B8B1F57FE}
	EndGlobalSection
EndGlobal
